// !$*UTF8*$!
{
	archiveVersion = 1;
	classes = {
	};
	objectVersion = 46;
	objects = {

/* Begin PBXBuildFile section */
		5D6400EA16AF32A700D5F659 /* MWTStockViewController.m in Sources */ = {isa = PBXBuildFile; fileRef = 5D6400E916AF32A700D5F659 /* MWTStockViewController.m */; };
		5D6400EE16AF33C700D5F659 /* MWTStockCell.m in Sources */ = {isa = PBXBuildFile; fileRef = 5D6400ED16AF33C700D5F659 /* MWTStockCell.m */; };
		5D6400F116AF411600D5F659 /* MWTShortsViewController.m in Sources */ = {isa = PBXBuildFile; fileRef = 5D6400F016AF411600D5F659 /* MWTShortsViewController.m */; };
		5D6400F516AF4BD500D5F659 /* MWTStockDetailViewController.m in Sources */ = {isa = PBXBuildFile; fileRef = 5D6400F416AF4BD500D5F659 /* MWTStockDetailViewController.m */; };
		5D7420A516A8989D002E5CA3 /* UIKit.framework in Frameworks */ = {isa = PBXBuildFile; fileRef = 5D7420A416A8989D002E5CA3 /* UIKit.framework */; };
		5D7420A716A8989D002E5CA3 /* Foundation.framework in Frameworks */ = {isa = PBXBuildFile; fileRef = 5D7420A616A8989D002E5CA3 /* Foundation.framework */; };
		5D7420A916A8989D002E5CA3 /* CoreGraphics.framework in Frameworks */ = {isa = PBXBuildFile; fileRef = 5D7420A816A8989D002E5CA3 /* CoreGraphics.framework */; };
		5D7420AF16A8989D002E5CA3 /* InfoPlist.strings in Resources */ = {isa = PBXBuildFile; fileRef = 5D7420AD16A8989D002E5CA3 /* InfoPlist.strings */; };
		5D7420B116A8989D002E5CA3 /* main.m in Sources */ = {isa = PBXBuildFile; fileRef = 5D7420B016A8989D002E5CA3 /* main.m */; };
		5D7420B516A8989D002E5CA3 /* MWTAppDelegate.m in Sources */ = {isa = PBXBuildFile; fileRef = 5D7420B416A8989D002E5CA3 /* MWTAppDelegate.m */; };
		5D7420B716A8989D002E5CA3 /* Default.png in Resources */ = {isa = PBXBuildFile; fileRef = 5D7420B616A8989D002E5CA3 /* Default.png */; };
		5D7420B916A8989D002E5CA3 /* Default@2x.png in Resources */ = {isa = PBXBuildFile; fileRef = 5D7420B816A8989D002E5CA3 /* Default@2x.png */; };
		5D7420BB16A8989D002E5CA3 /* Default-568h@2x.png in Resources */ = {isa = PBXBuildFile; fileRef = 5D7420BA16A8989D002E5CA3 /* Default-568h@2x.png */; };
		5D7420BE16A8989D002E5CA3 /* MainStoryboard.storyboard in Resources */ = {isa = PBXBuildFile; fileRef = 5D7420BC16A8989D002E5CA3 /* MainStoryboard.storyboard */; };
		5D7420C916A89A22002E5CA3 /* MWTTableViewController.m in Sources */ = {isa = PBXBuildFile; fileRef = 5D7420C816A89A22002E5CA3 /* MWTTableViewController.m */; };
		5D7420CC16A89A97002E5CA3 /* MWTCell.m in Sources */ = {isa = PBXBuildFile; fileRef = 5D7420CB16A89A97002E5CA3 /* MWTCell.m */; };
		5D7420CF16A89C68002E5CA3 /* MWTCellDetailViewController.m in Sources */ = {isa = PBXBuildFile; fileRef = 5D7420CE16A89C68002E5CA3 /* MWTCellDetailViewController.m */; };
		5D7420D616A89FB8002E5CA3 /* MWTLoginViewController.m in Sources */ = {isa = PBXBuildFile; fileRef = 5D7420D516A89FB8002E5CA3 /* MWTLoginViewController.m */; };
		5D7420D916A8A334002E5CA3 /* MWTSignUpViewController.m in Sources */ = {isa = PBXBuildFile; fileRef = 5D7420D816A8A334002E5CA3 /* MWTSignUpViewController.m */; };
		5D7420DD16A8A656002E5CA3 /* MWTPortfolioViewController.m in Sources */ = {isa = PBXBuildFile; fileRef = 5D7420DC16A8A656002E5CA3 /* MWTPortfolioViewController.m */; };
		5D7420E016A8A6AD002E5CA3 /* MWTPendingPositionsViewController.m in Sources */ = {isa = PBXBuildFile; fileRef = 5D7420DF16A8A6AD002E5CA3 /* MWTPendingPositionsViewController.m */; };
		5D7420E316A8A6BB002E5CA3 /* MWTProcessedPositionsViewController.m in Sources */ = {isa = PBXBuildFile; fileRef = 5D7420E216A8A6BB002E5CA3 /* MWTProcessedPositionsViewController.m */; };
		5D7420E616A8A6C8002E5CA3 /* MWTUpcomingFuturesViewController.m in Sources */ = {isa = PBXBuildFile; fileRef = 5D7420E516A8A6C8002E5CA3 /* MWTUpcomingFuturesViewController.m */; };
		5D7420E916A8A6D3002E5CA3 /* MWTProcessedFuturesViewController.m in Sources */ = {isa = PBXBuildFile; fileRef = 5D7420E816A8A6D3002E5CA3 /* MWTProcessedFuturesViewController.m */; };
		5D7420EC16A8A6DB002E5CA3 /* MWTTradeStockViewController.m in Sources */ = {isa = PBXBuildFile; fileRef = 5D7420EB16A8A6DB002E5CA3 /* MWTTradeStockViewController.m */; };
		5D7420EF16A8A6E3002E5CA3 /* MWTSearchStockViewController.m in Sources */ = {isa = PBXBuildFile; fileRef = 5D7420EE16A8A6E3002E5CA3 /* MWTSearchStockViewController.m */; };
		5D7420F216A8A6E9002E5CA3 /* MWTSettingsViewController.m in Sources */ = {isa = PBXBuildFile; fileRef = 5D7420F116A8A6E9002E5CA3 /* MWTSettingsViewController.m */; };
		5D8FE29616ADBDCE0094F9B0 /* SBJsonParser.m in Sources */ = {isa = PBXBuildFile; fileRef = 5D8FE28316ADBDCE0094F9B0 /* SBJsonParser.m */; };
		5D8FE29716ADBDCE0094F9B0 /* SBJsonStreamParser.m in Sources */ = {isa = PBXBuildFile; fileRef = 5D8FE28516ADBDCE0094F9B0 /* SBJsonStreamParser.m */; };
		5D8FE29816ADBDCE0094F9B0 /* SBJsonStreamParserAccumulator.m in Sources */ = {isa = PBXBuildFile; fileRef = 5D8FE28716ADBDCE0094F9B0 /* SBJsonStreamParserAccumulator.m */; };
		5D8FE29916ADBDCE0094F9B0 /* SBJsonStreamParserAdapter.m in Sources */ = {isa = PBXBuildFile; fileRef = 5D8FE28916ADBDCE0094F9B0 /* SBJsonStreamParserAdapter.m */; };
		5D8FE29A16ADBDCE0094F9B0 /* SBJsonStreamParserState.m in Sources */ = {isa = PBXBuildFile; fileRef = 5D8FE28B16ADBDCE0094F9B0 /* SBJsonStreamParserState.m */; };
		5D8FE29B16ADBDCE0094F9B0 /* SBJsonStreamTokeniser.m in Sources */ = {isa = PBXBuildFile; fileRef = 5D8FE28D16ADBDCE0094F9B0 /* SBJsonStreamTokeniser.m */; };
		5D8FE29C16ADBDCE0094F9B0 /* SBJsonStreamWriter.m in Sources */ = {isa = PBXBuildFile; fileRef = 5D8FE28F16ADBDCE0094F9B0 /* SBJsonStreamWriter.m */; };
		5D8FE29D16ADBDCE0094F9B0 /* SBJsonStreamWriterAccumulator.m in Sources */ = {isa = PBXBuildFile; fileRef = 5D8FE29116ADBDCE0094F9B0 /* SBJsonStreamWriterAccumulator.m */; };
		5D8FE29E16ADBDCE0094F9B0 /* SBJsonStreamWriterState.m in Sources */ = {isa = PBXBuildFile; fileRef = 5D8FE29316ADBDCE0094F9B0 /* SBJsonStreamWriterState.m */; };
		5D8FE29F16ADBDCE0094F9B0 /* SBJsonWriter.m in Sources */ = {isa = PBXBuildFile; fileRef = 5D8FE29516ADBDCE0094F9B0 /* SBJsonWriter.m */; };
		5D8FE2A216ADE3E30094F9B0 /* MWTPortfolioCell.m in Sources */ = {isa = PBXBuildFile; fileRef = 5D8FE2A116ADE3E30094F9B0 /* MWTPortfolioCell.m */; };
		5DA9A6EA16B0478400C67CEA /* MWTPortfolio.m in Sources */ = {isa = PBXBuildFile; fileRef = 5DA9A6E916B0478400C67CEA /* MWTPortfolio.m */; };
		5DA9A6ED16B06C4B00C67CEA /* MWTStock.m in Sources */ = {isa = PBXBuildFile; fileRef = 5DA9A6EC16B06C4B00C67CEA /* MWTStock.m */; };
/* End PBXBuildFile section */

/* Begin PBXFileReference section */
		5D6400E816AF32A700D5F659 /* MWTStockViewController.h */ = {isa = PBXFileReference; fileEncoding = 4; lastKnownFileType = sourcecode.c.h; path = MWTStockViewController.h; sourceTree = "<group>"; };
		5D6400E916AF32A700D5F659 /* MWTStockViewController.m */ = {isa = PBXFileReference; fileEncoding = 4; lastKnownFileType = sourcecode.c.objc; path = MWTStockViewController.m; sourceTree = "<group>"; };
		5D6400EC16AF33C700D5F659 /* MWTStockCell.h */ = {isa = PBXFileReference; fileEncoding = 4; lastKnownFileType = sourcecode.c.h; path = MWTStockCell.h; sourceTree = "<group>"; };
		5D6400ED16AF33C700D5F659 /* MWTStockCell.m */ = {isa = PBXFileReference; fileEncoding = 4; lastKnownFileType = sourcecode.c.objc; path = MWTStockCell.m; sourceTree = "<group>"; };
		5D6400EF16AF411600D5F659 /* MWTShortsViewController.h */ = {isa = PBXFileReference; fileEncoding = 4; lastKnownFileType = sourcecode.c.h; path = MWTShortsViewController.h; sourceTree = "<group>"; };
		5D6400F016AF411600D5F659 /* MWTShortsViewController.m */ = {isa = PBXFileReference; fileEncoding = 4; lastKnownFileType = sourcecode.c.objc; path = MWTShortsViewController.m; sourceTree = "<group>"; };
		5D6400F316AF4BD500D5F659 /* MWTStockDetailViewController.h */ = {isa = PBXFileReference; fileEncoding = 4; lastKnownFileType = sourcecode.c.h; path = MWTStockDetailViewController.h; sourceTree = "<group>"; };
		5D6400F416AF4BD500D5F659 /* MWTStockDetailViewController.m */ = {isa = PBXFileReference; fileEncoding = 4; lastKnownFileType = sourcecode.c.objc; path = MWTStockDetailViewController.m; sourceTree = "<group>"; };
		5D6400F716AF6A7E00D5F659 /* MWTConstants.h */ = {isa = PBXFileReference; fileEncoding = 4; lastKnownFileType = sourcecode.c.h; path = MWTConstants.h; sourceTree = "<group>"; };
		5D7420A016A8989D002E5CA3 /* MyWinningTradeStoryboarded.app */ = {isa = PBXFileReference; explicitFileType = wrapper.application; includeInIndex = 0; path = MyWinningTradeStoryboarded.app; sourceTree = BUILT_PRODUCTS_DIR; };
		5D7420A416A8989D002E5CA3 /* UIKit.framework */ = {isa = PBXFileReference; lastKnownFileType = wrapper.framework; name = UIKit.framework; path = System/Library/Frameworks/UIKit.framework; sourceTree = SDKROOT; };
		5D7420A616A8989D002E5CA3 /* Foundation.framework */ = {isa = PBXFileReference; lastKnownFileType = wrapper.framework; name = Foundation.framework; path = System/Library/Frameworks/Foundation.framework; sourceTree = SDKROOT; };
		5D7420A816A8989D002E5CA3 /* CoreGraphics.framework */ = {isa = PBXFileReference; lastKnownFileType = wrapper.framework; name = CoreGraphics.framework; path = System/Library/Frameworks/CoreGraphics.framework; sourceTree = SDKROOT; };
		5D7420AC16A8989D002E5CA3 /* MyWinningTradeStoryboarded-Info.plist */ = {isa = PBXFileReference; lastKnownFileType = text.plist.xml; path = "MyWinningTradeStoryboarded-Info.plist"; sourceTree = "<group>"; };
		5D7420AE16A8989D002E5CA3 /* en */ = {isa = PBXFileReference; lastKnownFileType = text.plist.strings; name = en; path = en.lproj/InfoPlist.strings; sourceTree = "<group>"; };
		5D7420B016A8989D002E5CA3 /* main.m */ = {isa = PBXFileReference; lastKnownFileType = sourcecode.c.objc; path = main.m; sourceTree = "<group>"; };
		5D7420B216A8989D002E5CA3 /* MyWinningTradeStoryboarded-Prefix.pch */ = {isa = PBXFileReference; lastKnownFileType = sourcecode.c.h; path = "MyWinningTradeStoryboarded-Prefix.pch"; sourceTree = "<group>"; };
		5D7420B316A8989D002E5CA3 /* MWTAppDelegate.h */ = {isa = PBXFileReference; lastKnownFileType = sourcecode.c.h; path = MWTAppDelegate.h; sourceTree = "<group>"; };
		5D7420B416A8989D002E5CA3 /* MWTAppDelegate.m */ = {isa = PBXFileReference; lastKnownFileType = sourcecode.c.objc; path = MWTAppDelegate.m; sourceTree = "<group>"; };
		5D7420B616A8989D002E5CA3 /* Default.png */ = {isa = PBXFileReference; lastKnownFileType = image.png; path = Default.png; sourceTree = "<group>"; };
		5D7420B816A8989D002E5CA3 /* Default@2x.png */ = {isa = PBXFileReference; lastKnownFileType = image.png; path = "Default@2x.png"; sourceTree = "<group>"; };
		5D7420BA16A8989D002E5CA3 /* Default-568h@2x.png */ = {isa = PBXFileReference; lastKnownFileType = image.png; path = "Default-568h@2x.png"; sourceTree = "<group>"; };
		5D7420BD16A8989D002E5CA3 /* en */ = {isa = PBXFileReference; lastKnownFileType = file.storyboard; name = en; path = en.lproj/MainStoryboard.storyboard; sourceTree = "<group>"; };
		5D7420C716A89A22002E5CA3 /* MWTTableViewController.h */ = {isa = PBXFileReference; fileEncoding = 4; lastKnownFileType = sourcecode.c.h; path = MWTTableViewController.h; sourceTree = "<group>"; };
		5D7420C816A89A22002E5CA3 /* MWTTableViewController.m */ = {isa = PBXFileReference; fileEncoding = 4; lastKnownFileType = sourcecode.c.objc; path = MWTTableViewController.m; sourceTree = "<group>"; };
		5D7420CA16A89A97002E5CA3 /* MWTCell.h */ = {isa = PBXFileReference; fileEncoding = 4; lastKnownFileType = sourcecode.c.h; path = MWTCell.h; sourceTree = "<group>"; };
		5D7420CB16A89A97002E5CA3 /* MWTCell.m */ = {isa = PBXFileReference; fileEncoding = 4; lastKnownFileType = sourcecode.c.objc; path = MWTCell.m; sourceTree = "<group>"; };
		5D7420CD16A89C68002E5CA3 /* MWTCellDetailViewController.h */ = {isa = PBXFileReference; fileEncoding = 4; lastKnownFileType = sourcecode.c.h; path = MWTCellDetailViewController.h; sourceTree = "<group>"; };
		5D7420CE16A89C68002E5CA3 /* MWTCellDetailViewController.m */ = {isa = PBXFileReference; fileEncoding = 4; lastKnownFileType = sourcecode.c.objc; path = MWTCellDetailViewController.m; sourceTree = "<group>"; };
		5D7420D416A89FB8002E5CA3 /* MWTLoginViewController.h */ = {isa = PBXFileReference; fileEncoding = 4; lastKnownFileType = sourcecode.c.h; path = MWTLoginViewController.h; sourceTree = "<group>"; };
		5D7420D516A89FB8002E5CA3 /* MWTLoginViewController.m */ = {isa = PBXFileReference; fileEncoding = 4; lastKnownFileType = sourcecode.c.objc; path = MWTLoginViewController.m; sourceTree = "<group>"; };
		5D7420D716A8A333002E5CA3 /* MWTSignUpViewController.h */ = {isa = PBXFileReference; fileEncoding = 4; lastKnownFileType = sourcecode.c.h; path = MWTSignUpViewController.h; sourceTree = "<group>"; };
		5D7420D816A8A334002E5CA3 /* MWTSignUpViewController.m */ = {isa = PBXFileReference; fileEncoding = 4; lastKnownFileType = sourcecode.c.objc; path = MWTSignUpViewController.m; sourceTree = "<group>"; };
		5D7420DB16A8A656002E5CA3 /* MWTPortfolioViewController.h */ = {isa = PBXFileReference; fileEncoding = 4; lastKnownFileType = sourcecode.c.h; path = MWTPortfolioViewController.h; sourceTree = "<group>"; };
		5D7420DC16A8A656002E5CA3 /* MWTPortfolioViewController.m */ = {isa = PBXFileReference; fileEncoding = 4; lastKnownFileType = sourcecode.c.objc; path = MWTPortfolioViewController.m; sourceTree = "<group>"; };
		5D7420DE16A8A6AD002E5CA3 /* MWTPendingPositionsViewController.h */ = {isa = PBXFileReference; fileEncoding = 4; lastKnownFileType = sourcecode.c.h; path = MWTPendingPositionsViewController.h; sourceTree = "<group>"; };
		5D7420DF16A8A6AD002E5CA3 /* MWTPendingPositionsViewController.m */ = {isa = PBXFileReference; fileEncoding = 4; lastKnownFileType = sourcecode.c.objc; path = MWTPendingPositionsViewController.m; sourceTree = "<group>"; };
		5D7420E116A8A6BB002E5CA3 /* MWTProcessedPositionsViewController.h */ = {isa = PBXFileReference; fileEncoding = 4; lastKnownFileType = sourcecode.c.h; path = MWTProcessedPositionsViewController.h; sourceTree = "<group>"; };
		5D7420E216A8A6BB002E5CA3 /* MWTProcessedPositionsViewController.m */ = {isa = PBXFileReference; fileEncoding = 4; lastKnownFileType = sourcecode.c.objc; path = MWTProcessedPositionsViewController.m; sourceTree = "<group>"; };
		5D7420E416A8A6C8002E5CA3 /* MWTUpcomingFuturesViewController.h */ = {isa = PBXFileReference; fileEncoding = 4; lastKnownFileType = sourcecode.c.h; path = MWTUpcomingFuturesViewController.h; sourceTree = "<group>"; };
		5D7420E516A8A6C8002E5CA3 /* MWTUpcomingFuturesViewController.m */ = {isa = PBXFileReference; fileEncoding = 4; lastKnownFileType = sourcecode.c.objc; path = MWTUpcomingFuturesViewController.m; sourceTree = "<group>"; };
		5D7420E716A8A6D3002E5CA3 /* MWTProcessedFuturesViewController.h */ = {isa = PBXFileReference; fileEncoding = 4; lastKnownFileType = sourcecode.c.h; path = MWTProcessedFuturesViewController.h; sourceTree = "<group>"; };
		5D7420E816A8A6D3002E5CA3 /* MWTProcessedFuturesViewController.m */ = {isa = PBXFileReference; fileEncoding = 4; lastKnownFileType = sourcecode.c.objc; path = MWTProcessedFuturesViewController.m; sourceTree = "<group>"; };
		5D7420EA16A8A6DB002E5CA3 /* MWTTradeStockViewController.h */ = {isa = PBXFileReference; fileEncoding = 4; lastKnownFileType = sourcecode.c.h; path = MWTTradeStockViewController.h; sourceTree = "<group>"; };
		5D7420EB16A8A6DB002E5CA3 /* MWTTradeStockViewController.m */ = {isa = PBXFileReference; fileEncoding = 4; lastKnownFileType = sourcecode.c.objc; path = MWTTradeStockViewController.m; sourceTree = "<group>"; };
		5D7420ED16A8A6E2002E5CA3 /* MWTSearchStockViewController.h */ = {isa = PBXFileReference; fileEncoding = 4; lastKnownFileType = sourcecode.c.h; path = MWTSearchStockViewController.h; sourceTree = "<group>"; };
		5D7420EE16A8A6E3002E5CA3 /* MWTSearchStockViewController.m */ = {isa = PBXFileReference; fileEncoding = 4; lastKnownFileType = sourcecode.c.objc; path = MWTSearchStockViewController.m; sourceTree = "<group>"; };
		5D7420F016A8A6E9002E5CA3 /* MWTSettingsViewController.h */ = {isa = PBXFileReference; fileEncoding = 4; lastKnownFileType = sourcecode.c.h; path = MWTSettingsViewController.h; sourceTree = "<group>"; };
		5D7420F116A8A6E9002E5CA3 /* MWTSettingsViewController.m */ = {isa = PBXFileReference; fileEncoding = 4; lastKnownFileType = sourcecode.c.objc; path = MWTSettingsViewController.m; sourceTree = "<group>"; };
		5D8FE28116ADBDCE0094F9B0 /* SBJson.h */ = {isa = PBXFileReference; fileEncoding = 4; lastKnownFileType = sourcecode.c.h; path = SBJson.h; sourceTree = "<group>"; };
		5D8FE28216ADBDCE0094F9B0 /* SBJsonParser.h */ = {isa = PBXFileReference; fileEncoding = 4; lastKnownFileType = sourcecode.c.h; path = SBJsonParser.h; sourceTree = "<group>"; };
		5D8FE28316ADBDCE0094F9B0 /* SBJsonParser.m */ = {isa = PBXFileReference; fileEncoding = 4; lastKnownFileType = sourcecode.c.objc; path = SBJsonParser.m; sourceTree = "<group>"; };
		5D8FE28416ADBDCE0094F9B0 /* SBJsonStreamParser.h */ = {isa = PBXFileReference; fileEncoding = 4; lastKnownFileType = sourcecode.c.h; path = SBJsonStreamParser.h; sourceTree = "<group>"; };
		5D8FE28516ADBDCE0094F9B0 /* SBJsonStreamParser.m */ = {isa = PBXFileReference; fileEncoding = 4; lastKnownFileType = sourcecode.c.objc; path = SBJsonStreamParser.m; sourceTree = "<group>"; };
		5D8FE28616ADBDCE0094F9B0 /* SBJsonStreamParserAccumulator.h */ = {isa = PBXFileReference; fileEncoding = 4; lastKnownFileType = sourcecode.c.h; path = SBJsonStreamParserAccumulator.h; sourceTree = "<group>"; };
		5D8FE28716ADBDCE0094F9B0 /* SBJsonStreamParserAccumulator.m */ = {isa = PBXFileReference; fileEncoding = 4; lastKnownFileType = sourcecode.c.objc; path = SBJsonStreamParserAccumulator.m; sourceTree = "<group>"; };
		5D8FE28816ADBDCE0094F9B0 /* SBJsonStreamParserAdapter.h */ = {isa = PBXFileReference; fileEncoding = 4; lastKnownFileType = sourcecode.c.h; path = SBJsonStreamParserAdapter.h; sourceTree = "<group>"; };
		5D8FE28916ADBDCE0094F9B0 /* SBJsonStreamParserAdapter.m */ = {isa = PBXFileReference; fileEncoding = 4; lastKnownFileType = sourcecode.c.objc; path = SBJsonStreamParserAdapter.m; sourceTree = "<group>"; };
		5D8FE28A16ADBDCE0094F9B0 /* SBJsonStreamParserState.h */ = {isa = PBXFileReference; fileEncoding = 4; lastKnownFileType = sourcecode.c.h; path = SBJsonStreamParserState.h; sourceTree = "<group>"; };
		5D8FE28B16ADBDCE0094F9B0 /* SBJsonStreamParserState.m */ = {isa = PBXFileReference; fileEncoding = 4; lastKnownFileType = sourcecode.c.objc; path = SBJsonStreamParserState.m; sourceTree = "<group>"; };
		5D8FE28C16ADBDCE0094F9B0 /* SBJsonStreamTokeniser.h */ = {isa = PBXFileReference; fileEncoding = 4; lastKnownFileType = sourcecode.c.h; path = SBJsonStreamTokeniser.h; sourceTree = "<group>"; };
		5D8FE28D16ADBDCE0094F9B0 /* SBJsonStreamTokeniser.m */ = {isa = PBXFileReference; fileEncoding = 4; lastKnownFileType = sourcecode.c.objc; path = SBJsonStreamTokeniser.m; sourceTree = "<group>"; };
		5D8FE28E16ADBDCE0094F9B0 /* SBJsonStreamWriter.h */ = {isa = PBXFileReference; fileEncoding = 4; lastKnownFileType = sourcecode.c.h; path = SBJsonStreamWriter.h; sourceTree = "<group>"; };
		5D8FE28F16ADBDCE0094F9B0 /* SBJsonStreamWriter.m */ = {isa = PBXFileReference; fileEncoding = 4; lastKnownFileType = sourcecode.c.objc; path = SBJsonStreamWriter.m; sourceTree = "<group>"; };
		5D8FE29016ADBDCE0094F9B0 /* SBJsonStreamWriterAccumulator.h */ = {isa = PBXFileReference; fileEncoding = 4; lastKnownFileType = sourcecode.c.h; path = SBJsonStreamWriterAccumulator.h; sourceTree = "<group>"; };
		5D8FE29116ADBDCE0094F9B0 /* SBJsonStreamWriterAccumulator.m */ = {isa = PBXFileReference; fileEncoding = 4; lastKnownFileType = sourcecode.c.objc; path = SBJsonStreamWriterAccumulator.m; sourceTree = "<group>"; };
		5D8FE29216ADBDCE0094F9B0 /* SBJsonStreamWriterState.h */ = {isa = PBXFileReference; fileEncoding = 4; lastKnownFileType = sourcecode.c.h; path = SBJsonStreamWriterState.h; sourceTree = "<group>"; };
		5D8FE29316ADBDCE0094F9B0 /* SBJsonStreamWriterState.m */ = {isa = PBXFileReference; fileEncoding = 4; lastKnownFileType = sourcecode.c.objc; path = SBJsonStreamWriterState.m; sourceTree = "<group>"; };
		5D8FE29416ADBDCE0094F9B0 /* SBJsonWriter.h */ = {isa = PBXFileReference; fileEncoding = 4; lastKnownFileType = sourcecode.c.h; path = SBJsonWriter.h; sourceTree = "<group>"; };
		5D8FE29516ADBDCE0094F9B0 /* SBJsonWriter.m */ = {isa = PBXFileReference; fileEncoding = 4; lastKnownFileType = sourcecode.c.objc; path = SBJsonWriter.m; sourceTree = "<group>"; };
		5D8FE2A016ADE3E30094F9B0 /* MWTPortfolioCell.h */ = {isa = PBXFileReference; fileEncoding = 4; lastKnownFileType = sourcecode.c.h; path = MWTPortfolioCell.h; sourceTree = "<group>"; };
		5D8FE2A116ADE3E30094F9B0 /* MWTPortfolioCell.m */ = {isa = PBXFileReference; fileEncoding = 4; lastKnownFileType = sourcecode.c.objc; path = MWTPortfolioCell.m; sourceTree = "<group>"; };
		5DA9A6E816B0478400C67CEA /* MWTPortfolio.h */ = {isa = PBXFileReference; fileEncoding = 4; lastKnownFileType = sourcecode.c.h; path = MWTPortfolio.h; sourceTree = "<group>"; };
		5DA9A6E916B0478400C67CEA /* MWTPortfolio.m */ = {isa = PBXFileReference; fileEncoding = 4; lastKnownFileType = sourcecode.c.objc; path = MWTPortfolio.m; sourceTree = "<group>"; };
		5DA9A6EB16B06C4B00C67CEA /* MWTStock.h */ = {isa = PBXFileReference; fileEncoding = 4; lastKnownFileType = sourcecode.c.h; path = MWTStock.h; sourceTree = "<group>"; };
		5DA9A6EC16B06C4B00C67CEA /* MWTStock.m */ = {isa = PBXFileReference; fileEncoding = 4; lastKnownFileType = sourcecode.c.objc; path = MWTStock.m; sourceTree = "<group>"; };
/* End PBXFileReference section */

/* Begin PBXFrameworksBuildPhase section */
		5D74209D16A8989D002E5CA3 /* Frameworks */ = {
			isa = PBXFrameworksBuildPhase;
			buildActionMask = 2147483647;
			files = (
				5D7420A516A8989D002E5CA3 /* UIKit.framework in Frameworks */,
				5D7420A716A8989D002E5CA3 /* Foundation.framework in Frameworks */,
				5D7420A916A8989D002E5CA3 /* CoreGraphics.framework in Frameworks */,
			);
			runOnlyForDeploymentPostprocessing = 0;
		};
/* End PBXFrameworksBuildPhase section */

/* Begin PBXGroup section */
		5D6400F216AF412200D5F659 /* Portfolio */ = {
			isa = PBXGroup;
			children = (
				5D7420DB16A8A656002E5CA3 /* MWTPortfolioViewController.h */,
				5D7420DC16A8A656002E5CA3 /* MWTPortfolioViewController.m */,
				5D8FE2A116ADE3E30094F9B0 /* MWTPortfolioCell.m */,
				5D8FE2A016ADE3E30094F9B0 /* MWTPortfolioCell.h */,
				5D6400F616AF4BE100D5F659 /* Stocks */,
				5D6400EF16AF411600D5F659 /* MWTShortsViewController.h */,
				5D6400F016AF411600D5F659 /* MWTShortsViewController.m */,
			);
			name = Portfolio;
			sourceTree = "<group>";
		};
		5D6400F616AF4BE100D5F659 /* Stocks */ = {
			isa = PBXGroup;
			children = (
				5D6400F316AF4BD500D5F659 /* MWTStockDetailViewController.h */,
				5D6400F416AF4BD500D5F659 /* MWTStockDetailViewController.m */,
				5D6400E816AF32A700D5F659 /* MWTStockViewController.h */,
				5D6400E916AF32A700D5F659 /* MWTStockViewController.m */,
				5D6400EC16AF33C700D5F659 /* MWTStockCell.h */,
				5D6400ED16AF33C700D5F659 /* MWTStockCell.m */,
			);
			name = Stocks;
			sourceTree = "<group>";
		};
		5D74209516A8989D002E5CA3 = {
			isa = PBXGroup;
			children = (
				5D7420AA16A8989D002E5CA3 /* MyWinningTradeStoryboarded */,
				5D7420A316A8989D002E5CA3 /* Frameworks */,
				5D7420A116A8989D002E5CA3 /* Products */,
			);
			sourceTree = "<group>";
		};
		5D7420A116A8989D002E5CA3 /* Products */ = {
			isa = PBXGroup;
			children = (
				5D7420A016A8989D002E5CA3 /* MyWinningTradeStoryboarded.app */,
			);
			name = Products;
			sourceTree = "<group>";
		};
		5D7420A316A8989D002E5CA3 /* Frameworks */ = {
			isa = PBXGroup;
			children = (
				5D8FE28016ADBDCE0094F9B0 /* JSON */,
				5D7420A416A8989D002E5CA3 /* UIKit.framework */,
				5D7420A616A8989D002E5CA3 /* Foundation.framework */,
				5D7420A816A8989D002E5CA3 /* CoreGraphics.framework */,
			);
			name = Frameworks;
			sourceTree = "<group>";
		};
		5D7420AA16A8989D002E5CA3 /* MyWinningTradeStoryboarded */ = {
			isa = PBXGroup;
			children = (
				5DA9A6E616B0475C00C67CEA /* Models */,
				5D7420B316A8989D002E5CA3 /* MWTAppDelegate.h */,
				5D7420B416A8989D002E5CA3 /* MWTAppDelegate.m */,
				5D7420BC16A8989D002E5CA3 /* MainStoryboard.storyboard */,
				5D7420C716A89A22002E5CA3 /* MWTTableViewController.h */,
				5D7420C816A89A22002E5CA3 /* MWTTableViewController.m */,
				5D7420CA16A89A97002E5CA3 /* MWTCell.h */,
				5D7420CB16A89A97002E5CA3 /* MWTCell.m */,
				5D7420DA16A8A60A002E5CA3 /* Interface View Controllers */,
				5D7420AB16A8989D002E5CA3 /* Supporting Files */,
				5D6400F716AF6A7E00D5F659 /* MWTConstants.h */,
			);
			path = MyWinningTradeStoryboarded;
			sourceTree = "<group>";
		};
		5D7420AB16A8989D002E5CA3 /* Supporting Files */ = {
			isa = PBXGroup;
			children = (
				5D7420AC16A8989D002E5CA3 /* MyWinningTradeStoryboarded-Info.plist */,
				5D7420AD16A8989D002E5CA3 /* InfoPlist.strings */,
				5D7420B016A8989D002E5CA3 /* main.m */,
				5D7420B216A8989D002E5CA3 /* MyWinningTradeStoryboarded-Prefix.pch */,
				5D7420B616A8989D002E5CA3 /* Default.png */,
				5D7420B816A8989D002E5CA3 /* Default@2x.png */,
				5D7420BA16A8989D002E5CA3 /* Default-568h@2x.png */,
			);
			name = "Supporting Files";
			sourceTree = "<group>";
		};
		5D7420DA16A8A60A002E5CA3 /* Interface View Controllers */ = {
			isa = PBXGroup;
			children = (
				5D7420CD16A89C68002E5CA3 /* MWTCellDetailViewController.h */,
				5D7420CE16A89C68002E5CA3 /* MWTCellDetailViewController.m */,
				5D7420D416A89FB8002E5CA3 /* MWTLoginViewController.h */,
				5D7420D516A89FB8002E5CA3 /* MWTLoginViewController.m */,
				5D7420D716A8A333002E5CA3 /* MWTSignUpViewController.h */,
				5D7420D816A8A334002E5CA3 /* MWTSignUpViewController.m */,
				5D6400F216AF412200D5F659 /* Portfolio */,
				5D7420DE16A8A6AD002E5CA3 /* MWTPendingPositionsViewController.h */,
				5D7420DF16A8A6AD002E5CA3 /* MWTPendingPositionsViewController.m */,
				5D7420E116A8A6BB002E5CA3 /* MWTProcessedPositionsViewController.h */,
				5D7420E216A8A6BB002E5CA3 /* MWTProcessedPositionsViewController.m */,
				5D7420E416A8A6C8002E5CA3 /* MWTUpcomingFuturesViewController.h */,
				5D7420E516A8A6C8002E5CA3 /* MWTUpcomingFuturesViewController.m */,
				5D7420E716A8A6D3002E5CA3 /* MWTProcessedFuturesViewController.h */,
				5D7420E816A8A6D3002E5CA3 /* MWTProcessedFuturesViewController.m */,
				5D7420EA16A8A6DB002E5CA3 /* MWTTradeStockViewController.h */,
				5D7420EB16A8A6DB002E5CA3 /* MWTTradeStockViewController.m */,
				5D7420ED16A8A6E2002E5CA3 /* MWTSearchStockViewController.h */,
				5D7420EE16A8A6E3002E5CA3 /* MWTSearchStockViewController.m */,
				5D7420F016A8A6E9002E5CA3 /* MWTSettingsViewController.h */,
				5D7420F116A8A6E9002E5CA3 /* MWTSettingsViewController.m */,
			);
			name = "Interface View Controllers";
			sourceTree = "<group>";
		};
		5D8FE28016ADBDCE0094F9B0 /* JSON */ = {
			isa = PBXGroup;
			children = (
				5D8FE28116ADBDCE0094F9B0 /* SBJson.h */,
				5D8FE28216ADBDCE0094F9B0 /* SBJsonParser.h */,
				5D8FE28316ADBDCE0094F9B0 /* SBJsonParser.m */,
				5D8FE28416ADBDCE0094F9B0 /* SBJsonStreamParser.h */,
				5D8FE28516ADBDCE0094F9B0 /* SBJsonStreamParser.m */,
				5D8FE28616ADBDCE0094F9B0 /* SBJsonStreamParserAccumulator.h */,
				5D8FE28716ADBDCE0094F9B0 /* SBJsonStreamParserAccumulator.m */,
				5D8FE28816ADBDCE0094F9B0 /* SBJsonStreamParserAdapter.h */,
				5D8FE28916ADBDCE0094F9B0 /* SBJsonStreamParserAdapter.m */,
				5D8FE28A16ADBDCE0094F9B0 /* SBJsonStreamParserState.h */,
				5D8FE28B16ADBDCE0094F9B0 /* SBJsonStreamParserState.m */,
				5D8FE28C16ADBDCE0094F9B0 /* SBJsonStreamTokeniser.h */,
				5D8FE28D16ADBDCE0094F9B0 /* SBJsonStreamTokeniser.m */,
				5D8FE28E16ADBDCE0094F9B0 /* SBJsonStreamWriter.h */,
				5D8FE28F16ADBDCE0094F9B0 /* SBJsonStreamWriter.m */,
				5D8FE29016ADBDCE0094F9B0 /* SBJsonStreamWriterAccumulator.h */,
				5D8FE29116ADBDCE0094F9B0 /* SBJsonStreamWriterAccumulator.m */,
				5D8FE29216ADBDCE0094F9B0 /* SBJsonStreamWriterState.h */,
				5D8FE29316ADBDCE0094F9B0 /* SBJsonStreamWriterState.m */,
				5D8FE29416ADBDCE0094F9B0 /* SBJsonWriter.h */,
				5D8FE29516ADBDCE0094F9B0 /* SBJsonWriter.m */,
			);
			name = JSON;
			path = objc;
			sourceTree = "<group>";
		};
		5DA9A6E616B0475C00C67CEA /* Models */ = {
			isa = PBXGroup;
			children = (
				5DA9A6EB16B06C4B00C67CEA /* MWTStock.h */,
				5DA9A6EC16B06C4B00C67CEA /* MWTStock.m */,
				5DA9A6E816B0478400C67CEA /* MWTPortfolio.h */,
				5DA9A6E916B0478400C67CEA /* MWTPortfolio.m */,
			);
			name = Models;
			sourceTree = "<group>";
		};
/* End PBXGroup section */

/* Begin PBXNativeTarget section */
		5D74209F16A8989D002E5CA3 /* MyWinningTradeStoryboarded */ = {
			isa = PBXNativeTarget;
			buildConfigurationList = 5D7420C416A8989D002E5CA3 /* Build configuration list for PBXNativeTarget "MyWinningTradeStoryboarded" */;
			buildPhases = (
				5D74209C16A8989D002E5CA3 /* Sources */,
				5D74209D16A8989D002E5CA3 /* Frameworks */,
				5D74209E16A8989D002E5CA3 /* Resources */,
			);
			buildRules = (
			);
			dependencies = (
			);
			name = MyWinningTradeStoryboarded;
			productName = MyWinningTradeStoryboarded;
			productReference = 5D7420A016A8989D002E5CA3 /* MyWinningTradeStoryboarded.app */;
			productType = "com.apple.product-type.application";
		};
/* End PBXNativeTarget section */

/* Begin PBXProject section */
		5D74209716A8989D002E5CA3 /* Project object */ = {
			isa = PBXProject;
			attributes = {
				CLASSPREFIX = MWT;
				LastUpgradeCheck = 0450;
				ORGANIZATIONNAME = "Conclave Labs";
			};
			buildConfigurationList = 5D74209A16A8989D002E5CA3 /* Build configuration list for PBXProject "MyWinningTradeStoryboarded" */;
			compatibilityVersion = "Xcode 3.2";
			developmentRegion = English;
			hasScannedForEncodings = 0;
			knownRegions = (
				en,
			);
			mainGroup = 5D74209516A8989D002E5CA3;
			productRefGroup = 5D7420A116A8989D002E5CA3 /* Products */;
			projectDirPath = "";
			projectRoot = "";
			targets = (
				5D74209F16A8989D002E5CA3 /* MyWinningTradeStoryboarded */,
			);
		};
/* End PBXProject section */

/* Begin PBXResourcesBuildPhase section */
		5D74209E16A8989D002E5CA3 /* Resources */ = {
			isa = PBXResourcesBuildPhase;
			buildActionMask = 2147483647;
			files = (
				5D7420AF16A8989D002E5CA3 /* InfoPlist.strings in Resources */,
				5D7420B716A8989D002E5CA3 /* Default.png in Resources */,
				5D7420B916A8989D002E5CA3 /* Default@2x.png in Resources */,
				5D7420BB16A8989D002E5CA3 /* Default-568h@2x.png in Resources */,
				5D7420BE16A8989D002E5CA3 /* MainStoryboard.storyboard in Resources */,
			);
			runOnlyForDeploymentPostprocessing = 0;
		};
/* End PBXResourcesBuildPhase section */

/* Begin PBXSourcesBuildPhase section */
		5D74209C16A8989D002E5CA3 /* Sources */ = {
			isa = PBXSourcesBuildPhase;
			buildActionMask = 2147483647;
			files = (
				5D7420B116A8989D002E5CA3 /* main.m in Sources */,
				5D7420B516A8989D002E5CA3 /* MWTAppDelegate.m in Sources */,
				5D7420C916A89A22002E5CA3 /* MWTTableViewController.m in Sources */,
				5D7420CC16A89A97002E5CA3 /* MWTCell.m in Sources */,
				5D7420CF16A89C68002E5CA3 /* MWTCellDetailViewController.m in Sources */,
				5D7420D616A89FB8002E5CA3 /* MWTLoginViewController.m in Sources */,
				5D7420D916A8A334002E5CA3 /* MWTSignUpViewController.m in Sources */,
				5D7420DD16A8A656002E5CA3 /* MWTPortfolioViewController.m in Sources */,
				5D7420E016A8A6AD002E5CA3 /* MWTPendingPositionsViewController.m in Sources */,
				5D7420E316A8A6BB002E5CA3 /* MWTProcessedPositionsViewController.m in Sources */,
				5D7420E616A8A6C8002E5CA3 /* MWTUpcomingFuturesViewController.m in Sources */,
				5D7420E916A8A6D3002E5CA3 /* MWTProcessedFuturesViewController.m in Sources */,
				5D7420EC16A8A6DB002E5CA3 /* MWTTradeStockViewController.m in Sources */,
				5D7420EF16A8A6E3002E5CA3 /* MWTSearchStockViewController.m in Sources */,
				5D7420F216A8A6E9002E5CA3 /* MWTSettingsViewController.m in Sources */,
				5D8FE29616ADBDCE0094F9B0 /* SBJsonParser.m in Sources */,
				5D8FE29716ADBDCE0094F9B0 /* SBJsonStreamParser.m in Sources */,
				5D8FE29816ADBDCE0094F9B0 /* SBJsonStreamParserAccumulator.m in Sources */,
				5D8FE29916ADBDCE0094F9B0 /* SBJsonStreamParserAdapter.m in Sources */,
				5D8FE29A16ADBDCE0094F9B0 /* SBJsonStreamParserState.m in Sources */,
				5D8FE29B16ADBDCE0094F9B0 /* SBJsonStreamTokeniser.m in Sources */,
				5D8FE29C16ADBDCE0094F9B0 /* SBJsonStreamWriter.m in Sources */,
				5D8FE29D16ADBDCE0094F9B0 /* SBJsonStreamWriterAccumulator.m in Sources */,
				5D8FE29E16ADBDCE0094F9B0 /* SBJsonStreamWriterState.m in Sources */,
				5D8FE29F16ADBDCE0094F9B0 /* SBJsonWriter.m in Sources */,
				5D8FE2A216ADE3E30094F9B0 /* MWTPortfolioCell.m in Sources */,
				5D6400EA16AF32A700D5F659 /* MWTStockViewController.m in Sources */,
				5D6400EE16AF33C700D5F659 /* MWTStockCell.m in Sources */,
				5D6400F116AF411600D5F659 /* MWTShortsViewController.m in Sources */,
				5D6400F516AF4BD500D5F659 /* MWTStockDetailViewController.m in Sources */,
				5DA9A6EA16B0478400C67CEA /* MWTPortfolio.m in Sources */,
				5DA9A6ED16B06C4B00C67CEA /* MWTStock.m in Sources */,
			);
			runOnlyForDeploymentPostprocessing = 0;
		};
/* End PBXSourcesBuildPhase section */

/* Begin PBXVariantGroup section */
		5D7420AD16A8989D002E5CA3 /* InfoPlist.strings */ = {
			isa = PBXVariantGroup;
			children = (
				5D7420AE16A8989D002E5CA3 /* en */,
			);
			name = InfoPlist.strings;
			sourceTree = "<group>";
		};
		5D7420BC16A8989D002E5CA3 /* MainStoryboard.storyboard */ = {
			isa = PBXVariantGroup;
			children = (
				5D7420BD16A8989D002E5CA3 /* en */,
			);
			name = MainStoryboard.storyboard;
			sourceTree = "<group>";
		};
/* End PBXVariantGroup section */

/* Begin XCBuildConfiguration section */
		5D7420C216A8989D002E5CA3 /* Debug */ = {
			isa = XCBuildConfiguration;
			buildSettings = {
				ALWAYS_SEARCH_USER_PATHS = NO;
				CLANG_CXX_LANGUAGE_STANDARD = "gnu++0x";
				CLANG_CXX_LIBRARY = "libc++";
				CLANG_ENABLE_OBJC_ARC = YES;
				CLANG_WARN_EMPTY_BODY = YES;
				CLANG_WARN__DUPLICATE_METHOD_MATCH = YES;
				"CODE_SIGN_IDENTITY[sdk=iphoneos*]" = "iPhone Developer";
				COPY_PHASE_STRIP = NO;
				GCC_C_LANGUAGE_STANDARD = gnu99;
				GCC_DYNAMIC_NO_PIC = NO;
				GCC_OPTIMIZATION_LEVEL = 0;
				GCC_PREPROCESSOR_DEFINITIONS = (
					"DEBUG=1",
					"$(inherited)",
				);
				GCC_SYMBOLS_PRIVATE_EXTERN = NO;
				GCC_WARN_ABOUT_RETURN_TYPE = YES;
				GCC_WARN_UNINITIALIZED_AUTOS = YES;
				GCC_WARN_UNUSED_VARIABLE = YES;
				IPHONEOS_DEPLOYMENT_TARGET = 6.0;
				ONLY_ACTIVE_ARCH = YES;
				SDKROOT = iphoneos;
			};
			name = Debug;
		};
		5D7420C316A8989D002E5CA3 /* Release */ = {
			isa = XCBuildConfiguration;
			buildSettings = {
				ALWAYS_SEARCH_USER_PATHS = NO;
				CLANG_CXX_LANGUAGE_STANDARD = "gnu++0x";
				CLANG_CXX_LIBRARY = "libc++";
				CLANG_ENABLE_OBJC_ARC = YES;
				CLANG_WARN_EMPTY_BODY = YES;
				CLANG_WARN__DUPLICATE_METHOD_MATCH = YES;
				"CODE_SIGN_IDENTITY[sdk=iphoneos*]" = "iPhone Developer";
				COPY_PHASE_STRIP = YES;
				GCC_C_LANGUAGE_STANDARD = gnu99;
				GCC_WARN_ABOUT_RETURN_TYPE = YES;
				GCC_WARN_UNINITIALIZED_AUTOS = YES;
				GCC_WARN_UNUSED_VARIABLE = YES;
				IPHONEOS_DEPLOYMENT_TARGET = 6.0;
				OTHER_CFLAGS = "-DNS_BLOCK_ASSERTIONS=1";
				SDKROOT = iphoneos;
				VALIDATE_PRODUCT = YES;
			};
			name = Release;
		};
		5D7420C516A8989D002E5CA3 /* Debug */ = {
			isa = XCBuildConfiguration;
			buildSettings = {
				GCC_PRECOMPILE_PREFIX_HEADER = YES;
				GCC_PREFIX_HEADER = "MyWinningTradeStoryboarded/MyWinningTradeStoryboarded-Prefix.pch";
				INFOPLIST_FILE = "MyWinningTradeStoryboarded/MyWinningTradeStoryboarded-Info.plist";
				PRODUCT_NAME = "$(TARGET_NAME)";
				WRAPPER_EXTENSION = app;
			};
			name = Debug;
		};
		5D7420C616A8989D002E5CA3 /* Release */ = {
			isa = XCBuildConfiguration;
			buildSettings = {
				GCC_PRECOMPILE_PREFIX_HEADER = YES;
				GCC_PREFIX_HEADER = "MyWinningTradeStoryboarded/MyWinningTradeStoryboarded-Prefix.pch";
				INFOPLIST_FILE = "MyWinningTradeStoryboarded/MyWinningTradeStoryboarded-Info.plist";
				PRODUCT_NAME = "$(TARGET_NAME)";
				WRAPPER_EXTENSION = app;
			};
			name = Release;
		};
/* End XCBuildConfiguration section */

/* Begin XCConfigurationList section */
		5D74209A16A8989D002E5CA3 /* Build configuration list for PBXProject "MyWinningTradeStoryboarded" */ = {
			isa = XCConfigurationList;
			buildConfigurations = (
				5D7420C216A8989D002E5CA3 /* Debug */,
				5D7420C316A8989D002E5CA3 /* Release */,
			);
			defaultConfigurationIsVisible = 0;
			defaultConfigurationName = Release;
		};
		5D7420C416A8989D002E5CA3 /* Build configuration list for PBXNativeTarget "MyWinningTradeStoryboarded" */ = {
			isa = XCConfigurationList;
			buildConfigurations = (
				5D7420C516A8989D002E5CA3 /* Debug */,
				5D7420C616A8989D002E5CA3 /* Release */,
			);
			defaultConfigurationIsVisible = 0;
			defaultConfigurationName = Release;
		};
/* End XCConfigurationList section */
	};
	rootObject = 5D74209716A8989D002E5CA3 /* Project object */;
}
